
Microsoft Visual Studio Solution File, Format Version 12.00
# Visual Studio 15
VisualStudioVersion = 15.0.28010.2016
MinimumVisualStudioVersion = 10.0.40219.1
Project("{FAE04EC0-301F-11D3-BF4B-00C04F79EFBC}") = "GrepFuncProtoType", "GrepFuncProtoType\GrepFuncProtoType.csproj", "{94901841-1567-49D4-83C2-F4BD7AD20830}"
EndProject
Global
	GlobalSection(SolutionConfigurationPlatforms) = preSolution
		Debug|Any CPU = Debug|Any CPU
		Release|Any CPU = Release|Any CPU
	EndGlobalSection
	GlobalSection(ProjectConfigurationPlatforms) = postSolution
		{94901841-1567-49D4-83C2-F4BD7AD20830}.Debug|Any CPU.ActiveCfg = Debug|Any CPU
		{94901841-1567-49D4-83C2-F4BD7AD20830}.Debug|Any CPU.Build.0 = Debug|Any CPU
		{94901841-1567-49D4-83C2-F4BD7AD20830}.Release|Any CPU.ActiveCfg = Release|Any CPU
		{94901841-1567-49D4-83C2-F4BD7AD20830}.Release|Any CPU.Build.0 = Release|Any CPU
	EndGlobalSection
	GlobalSection(SolutionProperties) = preSolution
		HideSolutionNode = FALSE
	EndGlobalSection
	GlobalSection(ExtensibilityGlobals) = postSolution
		SolutionGuid = {53170A84-9E31-48A3-AE24-8787BFF61582}
	EndGlobalSection
EndGlobal
